
Microsoft Visual Studio Solution File, Format Version 12.00
# Visual Studio Version 17
VisualStudioVersion = 17.9.34728.123
MinimumVisualStudioVersion = 10.0.40219.1
Project("{2150E333-8FDC-42A3-9474-1A3956D46DE8}") = "Services", "Services", "{F357078E-998E-43F6-9C3A-C5D95C9750AB}"
EndProject
Project("{2150E333-8FDC-42A3-9474-1A3956D46DE8}") = "Catalog", "Catalog", "{BC4D1431-D449-4D6C-ACEE-D81FBD2E1300}"
EndProject
Project("{9A19103F-16F7-4668-BE54-9A1E7A4F7556}") = "MultiShop.Catalog", "Services\Catalog\MultiShop.Catalog\MultiShop.Catalog.csproj", "{3D407DDC-37E8-4AF1-BE24-5F6E6FFFD158}"
EndProject
Project("{2150E333-8FDC-42A3-9474-1A3956D46DE8}") = "Discount", "Discount", "{FB0189AB-C74B-4FB0-A857-FFC93378896C}"
EndProject
Project("{9A19103F-16F7-4668-BE54-9A1E7A4F7556}") = "MultiShop.Discount", "Services\Discount\MultiShop.Discount\MultiShop.Discount.csproj", "{42761E64-7E35-4A13-A33A-90C63E702D94}"
EndProject
Project("{2150E333-8FDC-42A3-9474-1A3956D46DE8}") = "Order", "Order", "{C05EA44F-A61E-4B12-A0E4-BBAB87389BFD}"
EndProject
Project("{2150E333-8FDC-42A3-9474-1A3956D46DE8}") = "Core", "Core", "{6B0E66A2-CAB9-47BF-B9A0-5CC95B4794BD}"
EndProject
Project("{2150E333-8FDC-42A3-9474-1A3956D46DE8}") = "Infrastructure", "Infrastructure", "{555B6CBC-2A43-4DA5-8764-5500774C9D29}"
EndProject
Project("{2150E333-8FDC-42A3-9474-1A3956D46DE8}") = "Presentation", "Presentation", "{DFE2CB01-2154-4617-AF14-0175DBFF6137}"
EndProject
Project("{9A19103F-16F7-4668-BE54-9A1E7A4F7556}") = "MultiShop.Order.Domain", "Services\Order\Core\MultiShop.Order.Domain\MultiShop.Order.Domain.csproj", "{4915A637-3F71-490D-B5CD-3B000AB12B96}"
EndProject
Project("{9A19103F-16F7-4668-BE54-9A1E7A4F7556}") = "MultiShop.Order.Application", "Services\Order\Core\MultiShop.Order.Application\MultiShop.Order.Application.csproj", "{E7499D1F-1C17-44B2-8D12-AFF3C60DD036}"
EndProject
Project("{9A19103F-16F7-4668-BE54-9A1E7A4F7556}") = "MultiShop.Order.Persistence", "Services\Order\Infrastructure\Persistence\MultiShop.Order.Persistence.csproj", "{2F6EA964-9B11-4C4D-9898-533DB5068C51}"
EndProject
Project("{9A19103F-16F7-4668-BE54-9A1E7A4F7556}") = "MultiShop.Order.WebAPI", "Services\Order\Presentation\MultiShop.Order.WebAPI\MultiShop.Order.WebAPI.csproj", "{5F15C97E-388A-48F1-BCF9-ABF2F71C5DDA}"
EndProject
Project("{2150E333-8FDC-42A3-9474-1A3956D46DE8}") = "Docker_Commands", "Docker_Commands", "{C486F895-FFD2-4295-B0D3-2F84B63AA72B}"
	ProjectSection(SolutionItems) = preProject
		Docker_Commands\docker_commands.txt = Docker_Commands\docker_commands.txt
	EndProjectSection
EndProject
Project("{2150E333-8FDC-42A3-9474-1A3956D46DE8}") = "IdentityServer", "IdentityServer", "{0FA2CA3B-1C3B-4213-B889-2F130BEA149A}"
EndProject
Project("{9A19103F-16F7-4668-BE54-9A1E7A4F7556}") = "MultiShop.IdentityServer", "IdentityServer\MultiShop.IdentityServer\MultiShop.IdentityServer.csproj", "{5E80CC6C-9F70-41FE-B137-53D0E2F2FF8F}"
EndProject
Project("{2150E333-8FDC-42A3-9474-1A3956D46DE8}") = "IdentityServer_Commands", "IdentityServer_Commands", "{43B632D5-AC34-4B37-9C40-A3E88640CE88}"
	ProjectSection(SolutionItems) = preProject
		..\..\identityserver4.txt = ..\..\identityserver4.txt
	EndProjectSection
EndProject
Project("{2150E333-8FDC-42A3-9474-1A3956D46DE8}") = "Requirements", "Requirements", "{BF47EB87-DB79-40C2-B8F2-F3BFBA0E02BF}"
	ProjectSection(SolutionItems) = preProject
		..\..\FontAwesomeLink.txt = ..\..\FontAwesomeLink.txt
		Requirements\IdentityServerVersionErrorSolution.txt = Requirements\IdentityServerVersionErrorSolution.txt
		..\..\OcelotCodeExample.txt = ..\..\OcelotCodeExample.txt
		..\..\OcelotLink.txt = ..\..\OcelotLink.txt
		Requirements\PortainerCmd.txt = Requirements\PortainerCmd.txt
		Requirements\PortNumbers.txt = Requirements\PortNumbers.txt
		..\..\SimpleCode.txt = ..\..\SimpleCode.txt
		..\..\UserExample.txt = ..\..\UserExample.txt
	EndProjectSection
EndProject
Project("{2150E333-8FDC-42A3-9474-1A3956D46DE8}") = "Cargo", "Cargo", "{F3DDA63B-2DBE-4149-A6DB-3F9F95ED0D15}"
EndProject
Project("{9A19103F-16F7-4668-BE54-9A1E7A4F7556}") = "MultiShop.Cargo.Business", "Services\Cargo\MultiShop.Cargo.Business\MultiShop.Cargo.Business.csproj", "{EE1A66BE-A33C-45E9-B828-9AF308EF53FA}"
EndProject
Project("{9A19103F-16F7-4668-BE54-9A1E7A4F7556}") = "MultiShop.Cargo.Entity", "Services\Cargo\MultiShop.Cargo.Entity\MultiShop.Cargo.Entity.csproj", "{D54B45AA-B4BA-4A49-A1CB-7B8BD8048E64}"
EndProject
Project("{9A19103F-16F7-4668-BE54-9A1E7A4F7556}") = "MultiShop.Cargo.DataAccess", "Services\Cargo\MultiShop.Cargo.DataAccess\MultiShop.Cargo.DataAccess.csproj", "{0FD53C28-1AF5-4608-96AA-AF8C40EEBDA0}"
EndProject
Project("{9A19103F-16F7-4668-BE54-9A1E7A4F7556}") = "MultiShop.Cargo.DTO", "Services\Cargo\MultiShop.Cargo.DTO\MultiShop.Cargo.DTO.csproj", "{38CA74AC-6E51-4B6A-9234-ECCCAE11B642}"
EndProject
Project("{9A19103F-16F7-4668-BE54-9A1E7A4F7556}") = "MultiShop.Cargo.WebAPI", "Services\Cargo\MultiShop.Cargo.WebAPI\MultiShop.Cargo.WebAPI.csproj", "{A58F18FC-C3A4-4DE9-BE46-7D4479B85861}"
EndProject
Project("{2150E333-8FDC-42A3-9474-1A3956D46DE8}") = "Basket", "Basket", "{B133FF96-CF3A-4634-B255-2071B3ADA567}"
EndProject
Project("{9A19103F-16F7-4668-BE54-9A1E7A4F7556}") = "MultiShop.Basket", "Services\Basket\MultiShop.Basket.WebAPI\MultiShop.Basket.csproj", "{7D3112D2-E52B-4472-BA85-7E03287AEB97}"
EndProject
Project("{2150E333-8FDC-42A3-9474-1A3956D46DE8}") = "Frontends", "Frontends", "{C1A67832-0CCE-4000-ABB1-217E001234C4}"
EndProject
Project("{9A19103F-16F7-4668-BE54-9A1E7A4F7556}") = "MultiShop.WebUI", "Frontends\MultiShop.WebUI\MultiShop.WebUI.csproj", "{10158D48-6544-4B27-B27E-57E4690D8B40}"
EndProject
Project("{9A19103F-16F7-4668-BE54-9A1E7A4F7556}") = "MultiShop.DTO", "Frontends\MultiShop.Dto\MultiShop.DTO.csproj", "{27001ED1-7DB3-42A5-BD0F-6FEE5E20647F}"
EndProject
Project("{2150E333-8FDC-42A3-9474-1A3956D46DE8}") = "Comment", "Comment", "{C4993BEF-E2B9-41F5-9181-57B756E4EC9E}"
EndProject
Project("{9A19103F-16F7-4668-BE54-9A1E7A4F7556}") = "MultiShop.Comment", "Services\Comment\MultiShop.Comment\MultiShop.Comment.csproj", "{45728A1E-15C5-4CF3-B6DF-67F86897334C}"
EndProject
Project("{2150E333-8FDC-42A3-9474-1A3956D46DE8}") = "ApiGateway", "ApiGateway", "{15CB4C17-DD79-440E-877A-DE9B7FA9873A}"
EndProject
Project("{2150E333-8FDC-42A3-9474-1A3956D46DE8}") = "RapidApi", "RapidApi", "{2CACF7E7-E250-4997-8091-B5DF64008FF3}"
EndProject
Project("{FAE04EC0-301F-11D3-BF4B-00C04F79EFBC}") = "MultiShop.OcelotGateway", "ApiGateway\MultiShop.OcelotGateway\MultiShop.OcelotGateway.csproj", "{00F1DB4F-88DC-4E64-812A-2CF96ACB4FB4}"
EndProject
Project("{2150E333-8FDC-42A3-9474-1A3956D46DE8}") = "Payment", "Payment", "{2FBD8FF2-12D4-4084-9053-9E741EE314DB}"
EndProject
Project("{FAE04EC0-301F-11D3-BF4B-00C04F79EFBC}") = "MultiShop.Payment", "Services\Payment\MultiShop.Payment\MultiShop.Payment.csproj", "{DD9ADB98-85D5-4101-BA7E-E6AA3318CA59}"
EndProject
Project("{2150E333-8FDC-42A3-9474-1A3956D46DE8}") = "Images", "Images", "{358F1DF7-A5AE-4883-8AFA-6227B50A04DF}"
EndProject
Project("{FAE04EC0-301F-11D3-BF4B-00C04F79EFBC}") = "MultiShop.Images", "Services\Images\MultiShop.Images\MultiShop.Images.csproj", "{815CD8BD-B37A-4EB2-B1E8-5DC99F34401D}"
EndProject
Global
	GlobalSection(SolutionConfigurationPlatforms) = preSolution
		Debug|Any CPU = Debug|Any CPU
		Release|Any CPU = Release|Any CPU
	EndGlobalSection
	GlobalSection(ProjectConfigurationPlatforms) = postSolution
		{3D407DDC-37E8-4AF1-BE24-5F6E6FFFD158}.Debug|Any CPU.ActiveCfg = Debug|Any CPU
		{3D407DDC-37E8-4AF1-BE24-5F6E6FFFD158}.Debug|Any CPU.Build.0 = Debug|Any CPU
		{3D407DDC-37E8-4AF1-BE24-5F6E6FFFD158}.Release|Any CPU.ActiveCfg = Release|Any CPU
		{3D407DDC-37E8-4AF1-BE24-5F6E6FFFD158}.Release|Any CPU.Build.0 = Release|Any CPU
		{42761E64-7E35-4A13-A33A-90C63E702D94}.Debug|Any CPU.ActiveCfg = Debug|Any CPU
		{42761E64-7E35-4A13-A33A-90C63E702D94}.Debug|Any CPU.Build.0 = Debug|Any CPU
		{42761E64-7E35-4A13-A33A-90C63E702D94}.Release|Any CPU.ActiveCfg = Release|Any CPU
		{42761E64-7E35-4A13-A33A-90C63E702D94}.Release|Any CPU.Build.0 = Release|Any CPU
		{4915A637-3F71-490D-B5CD-3B000AB12B96}.Debug|Any CPU.ActiveCfg = Debug|Any CPU
		{4915A637-3F71-490D-B5CD-3B000AB12B96}.Debug|Any CPU.Build.0 = Debug|Any CPU
		{4915A637-3F71-490D-B5CD-3B000AB12B96}.Release|Any CPU.ActiveCfg = Release|Any CPU
		{4915A637-3F71-490D-B5CD-3B000AB12B96}.Release|Any CPU.Build.0 = Release|Any CPU
		{E7499D1F-1C17-44B2-8D12-AFF3C60DD036}.Debug|Any CPU.ActiveCfg = Debug|Any CPU
		{E7499D1F-1C17-44B2-8D12-AFF3C60DD036}.Debug|Any CPU.Build.0 = Debug|Any CPU
		{E7499D1F-1C17-44B2-8D12-AFF3C60DD036}.Release|Any CPU.ActiveCfg = Release|Any CPU
		{E7499D1F-1C17-44B2-8D12-AFF3C60DD036}.Release|Any CPU.Build.0 = Release|Any CPU
		{2F6EA964-9B11-4C4D-9898-533DB5068C51}.Debug|Any CPU.ActiveCfg = Debug|Any CPU
		{2F6EA964-9B11-4C4D-9898-533DB5068C51}.Debug|Any CPU.Build.0 = Debug|Any CPU
		{2F6EA964-9B11-4C4D-9898-533DB5068C51}.Release|Any CPU.ActiveCfg = Release|Any CPU
		{2F6EA964-9B11-4C4D-9898-533DB5068C51}.Release|Any CPU.Build.0 = Release|Any CPU
		{5F15C97E-388A-48F1-BCF9-ABF2F71C5DDA}.Debug|Any CPU.ActiveCfg = Debug|Any CPU
		{5F15C97E-388A-48F1-BCF9-ABF2F71C5DDA}.Debug|Any CPU.Build.0 = Debug|Any CPU
		{5F15C97E-388A-48F1-BCF9-ABF2F71C5DDA}.Release|Any CPU.ActiveCfg = Release|Any CPU
		{5F15C97E-388A-48F1-BCF9-ABF2F71C5DDA}.Release|Any CPU.Build.0 = Release|Any CPU
		{5E80CC6C-9F70-41FE-B137-53D0E2F2FF8F}.Debug|Any CPU.ActiveCfg = Debug|Any CPU
		{5E80CC6C-9F70-41FE-B137-53D0E2F2FF8F}.Debug|Any CPU.Build.0 = Debug|Any CPU
		{5E80CC6C-9F70-41FE-B137-53D0E2F2FF8F}.Release|Any CPU.ActiveCfg = Release|Any CPU
		{5E80CC6C-9F70-41FE-B137-53D0E2F2FF8F}.Release|Any CPU.Build.0 = Release|Any CPU
		{EE1A66BE-A33C-45E9-B828-9AF308EF53FA}.Debug|Any CPU.ActiveCfg = Debug|Any CPU
		{EE1A66BE-A33C-45E9-B828-9AF308EF53FA}.Debug|Any CPU.Build.0 = Debug|Any CPU
		{EE1A66BE-A33C-45E9-B828-9AF308EF53FA}.Release|Any CPU.ActiveCfg = Release|Any CPU
		{EE1A66BE-A33C-45E9-B828-9AF308EF53FA}.Release|Any CPU.Build.0 = Release|Any CPU
		{D54B45AA-B4BA-4A49-A1CB-7B8BD8048E64}.Debug|Any CPU.ActiveCfg = Debug|Any CPU
		{D54B45AA-B4BA-4A49-A1CB-7B8BD8048E64}.Debug|Any CPU.Build.0 = Debug|Any CPU
		{D54B45AA-B4BA-4A49-A1CB-7B8BD8048E64}.Release|Any CPU.ActiveCfg = Release|Any CPU
		{D54B45AA-B4BA-4A49-A1CB-7B8BD8048E64}.Release|Any CPU.Build.0 = Release|Any CPU
		{0FD53C28-1AF5-4608-96AA-AF8C40EEBDA0}.Debug|Any CPU.ActiveCfg = Debug|Any CPU
		{0FD53C28-1AF5-4608-96AA-AF8C40EEBDA0}.Debug|Any CPU.Build.0 = Debug|Any CPU
		{0FD53C28-1AF5-4608-96AA-AF8C40EEBDA0}.Release|Any CPU.ActiveCfg = Release|Any CPU
		{0FD53C28-1AF5-4608-96AA-AF8C40EEBDA0}.Release|Any CPU.Build.0 = Release|Any CPU
		{38CA74AC-6E51-4B6A-9234-ECCCAE11B642}.Debug|Any CPU.ActiveCfg = Debug|Any CPU
		{38CA74AC-6E51-4B6A-9234-ECCCAE11B642}.Debug|Any CPU.Build.0 = Debug|Any CPU
		{38CA74AC-6E51-4B6A-9234-ECCCAE11B642}.Release|Any CPU.ActiveCfg = Release|Any CPU
		{38CA74AC-6E51-4B6A-9234-ECCCAE11B642}.Release|Any CPU.Build.0 = Release|Any CPU
		{A58F18FC-C3A4-4DE9-BE46-7D4479B85861}.Debug|Any CPU.ActiveCfg = Debug|Any CPU
		{A58F18FC-C3A4-4DE9-BE46-7D4479B85861}.Debug|Any CPU.Build.0 = Debug|Any CPU
		{A58F18FC-C3A4-4DE9-BE46-7D4479B85861}.Release|Any CPU.ActiveCfg = Release|Any CPU
		{A58F18FC-C3A4-4DE9-BE46-7D4479B85861}.Release|Any CPU.Build.0 = Release|Any CPU
		{7D3112D2-E52B-4472-BA85-7E03287AEB97}.Debug|Any CPU.ActiveCfg = Debug|Any CPU
		{7D3112D2-E52B-4472-BA85-7E03287AEB97}.Debug|Any CPU.Build.0 = Debug|Any CPU
		{7D3112D2-E52B-4472-BA85-7E03287AEB97}.Release|Any CPU.ActiveCfg = Release|Any CPU
		{7D3112D2-E52B-4472-BA85-7E03287AEB97}.Release|Any CPU.Build.0 = Release|Any CPU
		{10158D48-6544-4B27-B27E-57E4690D8B40}.Debug|Any CPU.ActiveCfg = Debug|Any CPU
		{10158D48-6544-4B27-B27E-57E4690D8B40}.Debug|Any CPU.Build.0 = Debug|Any CPU
		{10158D48-6544-4B27-B27E-57E4690D8B40}.Release|Any CPU.ActiveCfg = Release|Any CPU
		{10158D48-6544-4B27-B27E-57E4690D8B40}.Release|Any CPU.Build.0 = Release|Any CPU
		{27001ED1-7DB3-42A5-BD0F-6FEE5E20647F}.Debug|Any CPU.ActiveCfg = Debug|Any CPU
		{27001ED1-7DB3-42A5-BD0F-6FEE5E20647F}.Debug|Any CPU.Build.0 = Debug|Any CPU
		{27001ED1-7DB3-42A5-BD0F-6FEE5E20647F}.Release|Any CPU.ActiveCfg = Release|Any CPU
		{27001ED1-7DB3-42A5-BD0F-6FEE5E20647F}.Release|Any CPU.Build.0 = Release|Any CPU
		{45728A1E-15C5-4CF3-B6DF-67F86897334C}.Debug|Any CPU.ActiveCfg = Debug|Any CPU
		{45728A1E-15C5-4CF3-B6DF-67F86897334C}.Debug|Any CPU.Build.0 = Debug|Any CPU
		{45728A1E-15C5-4CF3-B6DF-67F86897334C}.Release|Any CPU.ActiveCfg = Release|Any CPU
		{45728A1E-15C5-4CF3-B6DF-67F86897334C}.Release|Any CPU.Build.0 = Release|Any CPU
		{00F1DB4F-88DC-4E64-812A-2CF96ACB4FB4}.Debug|Any CPU.ActiveCfg = Debug|Any CPU
		{00F1DB4F-88DC-4E64-812A-2CF96ACB4FB4}.Debug|Any CPU.Build.0 = Debug|Any CPU
		{00F1DB4F-88DC-4E64-812A-2CF96ACB4FB4}.Release|Any CPU.ActiveCfg = Release|Any CPU
		{00F1DB4F-88DC-4E64-812A-2CF96ACB4FB4}.Release|Any CPU.Build.0 = Release|Any CPU
		{DD9ADB98-85D5-4101-BA7E-E6AA3318CA59}.Debug|Any CPU.ActiveCfg = Debug|Any CPU
		{DD9ADB98-85D5-4101-BA7E-E6AA3318CA59}.Debug|Any CPU.Build.0 = Debug|Any CPU
		{DD9ADB98-85D5-4101-BA7E-E6AA3318CA59}.Release|Any CPU.ActiveCfg = Release|Any CPU
		{DD9ADB98-85D5-4101-BA7E-E6AA3318CA59}.Release|Any CPU.Build.0 = Release|Any CPU
		{815CD8BD-B37A-4EB2-B1E8-5DC99F34401D}.Debug|Any CPU.ActiveCfg = Debug|Any CPU
		{815CD8BD-B37A-4EB2-B1E8-5DC99F34401D}.Debug|Any CPU.Build.0 = Debug|Any CPU
		{815CD8BD-B37A-4EB2-B1E8-5DC99F34401D}.Release|Any CPU.ActiveCfg = Release|Any CPU
		{815CD8BD-B37A-4EB2-B1E8-5DC99F34401D}.Release|Any CPU.Build.0 = Release|Any CPU
	EndGlobalSection
	GlobalSection(SolutionProperties) = preSolution
		HideSolutionNode = FALSE
	EndGlobalSection
	GlobalSection(NestedProjects) = preSolution
		{BC4D1431-D449-4D6C-ACEE-D81FBD2E1300} = {F357078E-998E-43F6-9C3A-C5D95C9750AB}
		{3D407DDC-37E8-4AF1-BE24-5F6E6FFFD158} = {BC4D1431-D449-4D6C-ACEE-D81FBD2E1300}
		{FB0189AB-C74B-4FB0-A857-FFC93378896C} = {F357078E-998E-43F6-9C3A-C5D95C9750AB}
		{42761E64-7E35-4A13-A33A-90C63E702D94} = {FB0189AB-C74B-4FB0-A857-FFC93378896C}
		{C05EA44F-A61E-4B12-A0E4-BBAB87389BFD} = {F357078E-998E-43F6-9C3A-C5D95C9750AB}
		{6B0E66A2-CAB9-47BF-B9A0-5CC95B4794BD} = {C05EA44F-A61E-4B12-A0E4-BBAB87389BFD}
		{555B6CBC-2A43-4DA5-8764-5500774C9D29} = {C05EA44F-A61E-4B12-A0E4-BBAB87389BFD}
		{DFE2CB01-2154-4617-AF14-0175DBFF6137} = {C05EA44F-A61E-4B12-A0E4-BBAB87389BFD}
		{4915A637-3F71-490D-B5CD-3B000AB12B96} = {6B0E66A2-CAB9-47BF-B9A0-5CC95B4794BD}
		{E7499D1F-1C17-44B2-8D12-AFF3C60DD036} = {6B0E66A2-CAB9-47BF-B9A0-5CC95B4794BD}
		{2F6EA964-9B11-4C4D-9898-533DB5068C51} = {555B6CBC-2A43-4DA5-8764-5500774C9D29}
		{5F15C97E-388A-48F1-BCF9-ABF2F71C5DDA} = {DFE2CB01-2154-4617-AF14-0175DBFF6137}
		{5E80CC6C-9F70-41FE-B137-53D0E2F2FF8F} = {0FA2CA3B-1C3B-4213-B889-2F130BEA149A}
		{43B632D5-AC34-4B37-9C40-A3E88640CE88} = {0FA2CA3B-1C3B-4213-B889-2F130BEA149A}
		{F3DDA63B-2DBE-4149-A6DB-3F9F95ED0D15} = {F357078E-998E-43F6-9C3A-C5D95C9750AB}
		{EE1A66BE-A33C-45E9-B828-9AF308EF53FA} = {F3DDA63B-2DBE-4149-A6DB-3F9F95ED0D15}
		{D54B45AA-B4BA-4A49-A1CB-7B8BD8048E64} = {F3DDA63B-2DBE-4149-A6DB-3F9F95ED0D15}
		{0FD53C28-1AF5-4608-96AA-AF8C40EEBDA0} = {F3DDA63B-2DBE-4149-A6DB-3F9F95ED0D15}
		{38CA74AC-6E51-4B6A-9234-ECCCAE11B642} = {F3DDA63B-2DBE-4149-A6DB-3F9F95ED0D15}
		{A58F18FC-C3A4-4DE9-BE46-7D4479B85861} = {F3DDA63B-2DBE-4149-A6DB-3F9F95ED0D15}
		{B133FF96-CF3A-4634-B255-2071B3ADA567} = {F357078E-998E-43F6-9C3A-C5D95C9750AB}
		{7D3112D2-E52B-4472-BA85-7E03287AEB97} = {B133FF96-CF3A-4634-B255-2071B3ADA567}
		{10158D48-6544-4B27-B27E-57E4690D8B40} = {C1A67832-0CCE-4000-ABB1-217E001234C4}
		{27001ED1-7DB3-42A5-BD0F-6FEE5E20647F} = {C1A67832-0CCE-4000-ABB1-217E001234C4}
		{C4993BEF-E2B9-41F5-9181-57B756E4EC9E} = {F357078E-998E-43F6-9C3A-C5D95C9750AB}
		{45728A1E-15C5-4CF3-B6DF-67F86897334C} = {C4993BEF-E2B9-41F5-9181-57B756E4EC9E}
		{00F1DB4F-88DC-4E64-812A-2CF96ACB4FB4} = {15CB4C17-DD79-440E-877A-DE9B7FA9873A}
		{2FBD8FF2-12D4-4084-9053-9E741EE314DB} = {F357078E-998E-43F6-9C3A-C5D95C9750AB}
		{DD9ADB98-85D5-4101-BA7E-E6AA3318CA59} = {2FBD8FF2-12D4-4084-9053-9E741EE314DB}
		{358F1DF7-A5AE-4883-8AFA-6227B50A04DF} = {F357078E-998E-43F6-9C3A-C5D95C9750AB}
		{815CD8BD-B37A-4EB2-B1E8-5DC99F34401D} = {358F1DF7-A5AE-4883-8AFA-6227B50A04DF}
	EndGlobalSection
	GlobalSection(ExtensibilityGlobals) = postSolution
		SolutionGuid = {A1818AB1-DE31-40C1-BEFB-1DF430FA4B10}
	EndGlobalSection
EndGlobal
