
Microsoft Visual Studio Solution File, Format Version 12.00
# Visual Studio Version 17
VisualStudioVersion = 17.9.34728.123
MinimumVisualStudioVersion = 10.0.40219.1
Project("{2150E333-8FDC-42A3-9474-1A3956D46DE8}") = "Services", "Services", "{F357078E-998E-43F6-9C3A-C5D95C9750AB}"
EndProject
Project("{2150E333-8FDC-42A3-9474-1A3956D46DE8}") = "Catalog", "Catalog", "{BC4D1431-D449-4D6C-ACEE-D81FBD2E1300}"
EndProject
Project("{FAE04EC0-301F-11D3-BF4B-00C04F79EFBC}") = "MultiShop.Catalog", "Services\Catalog\MultiShop.Catalog\MultiShop.Catalog.csproj", "{3D407DDC-37E8-4AF1-BE24-5F6E6FFFD158}"
EndProject
Global
	GlobalSection(SolutionConfigurationPlatforms) = preSolution
		Debug|Any CPU = Debug|Any CPU
		Release|Any CPU = Release|Any CPU
	EndGlobalSection
	GlobalSection(ProjectConfigurationPlatforms) = postSolution
		{3D407DDC-37E8-4AF1-BE24-5F6E6FFFD158}.Debug|Any CPU.ActiveCfg = Debug|Any CPU
		{3D407DDC-37E8-4AF1-BE24-5F6E6FFFD158}.Debug|Any CPU.Build.0 = Debug|Any CPU
		{3D407DDC-37E8-4AF1-BE24-5F6E6FFFD158}.Release|Any CPU.ActiveCfg = Release|Any CPU
		{3D407DDC-37E8-4AF1-BE24-5F6E6FFFD158}.Release|Any CPU.Build.0 = Release|Any CPU
	EndGlobalSection
	GlobalSection(SolutionProperties) = preSolution
		HideSolutionNode = FALSE
	EndGlobalSection
	GlobalSection(NestedProjects) = preSolution
		{BC4D1431-D449-4D6C-ACEE-D81FBD2E1300} = {F357078E-998E-43F6-9C3A-C5D95C9750AB}
		{3D407DDC-37E8-4AF1-BE24-5F6E6FFFD158} = {BC4D1431-D449-4D6C-ACEE-D81FBD2E1300}
	EndGlobalSection
	GlobalSection(ExtensibilityGlobals) = postSolution
		SolutionGuid = {A1818AB1-DE31-40C1-BEFB-1DF430FA4B10}
	EndGlobalSection
EndGlobal
