
Microsoft Visual Studio Solution File, Format Version 12.00
# Visual Studio Version 17
VisualStudioVersion = 17.9.34728.123
MinimumVisualStudioVersion = 10.0.40219.1
Project("{2150E333-8FDC-42A3-9474-1A3956D46DE8}") = "Services", "Services", "{F357078E-998E-43F6-9C3A-C5D95C9750AB}"
EndProject
Project("{2150E333-8FDC-42A3-9474-1A3956D46DE8}") = "Catalog", "Catalog", "{BC4D1431-D449-4D6C-ACEE-D81FBD2E1300}"
EndProject
Project("{9A19103F-16F7-4668-BE54-9A1E7A4F7556}") = "MultiShop.Catalog", "Services\Catalog\MultiShop.Catalog\MultiShop.Catalog.csproj", "{3D407DDC-37E8-4AF1-BE24-5F6E6FFFD158}"
EndProject
Project("{2150E333-8FDC-42A3-9474-1A3956D46DE8}") = "Discount", "Discount", "{FB0189AB-C74B-4FB0-A857-FFC93378896C}"
EndProject
Project("{9A19103F-16F7-4668-BE54-9A1E7A4F7556}") = "MultiShop.Discount", "Services\Discount\MultiShop.Discount\MultiShop.Discount.csproj", "{42761E64-7E35-4A13-A33A-90C63E702D94}"
EndProject
Project("{2150E333-8FDC-42A3-9474-1A3956D46DE8}") = "Order", "Order", "{C05EA44F-A61E-4B12-A0E4-BBAB87389BFD}"
EndProject
Project("{2150E333-8FDC-42A3-9474-1A3956D46DE8}") = "Core", "Core", "{6B0E66A2-CAB9-47BF-B9A0-5CC95B4794BD}"
EndProject
Project("{2150E333-8FDC-42A3-9474-1A3956D46DE8}") = "Infrastructure", "Infrastructure", "{555B6CBC-2A43-4DA5-8764-5500774C9D29}"
EndProject
Project("{2150E333-8FDC-42A3-9474-1A3956D46DE8}") = "Presentation", "Presentation", "{DFE2CB01-2154-4617-AF14-0175DBFF6137}"
EndProject
Project("{9A19103F-16F7-4668-BE54-9A1E7A4F7556}") = "MultiShop.Order.Domain", "Services\Order\Core\MultiShop.Order.Domain\MultiShop.Order.Domain.csproj", "{4915A637-3F71-490D-B5CD-3B000AB12B96}"
EndProject
Project("{9A19103F-16F7-4668-BE54-9A1E7A4F7556}") = "MultiShop.Order.Application", "Services\Order\Core\MultiShop.Order.Application\MultiShop.Order.Application.csproj", "{E7499D1F-1C17-44B2-8D12-AFF3C60DD036}"
EndProject
Project("{9A19103F-16F7-4668-BE54-9A1E7A4F7556}") = "MultiShop.Order.Persistence", "Services\Order\Infrastructure\Persistence\MultiShop.Order.Persistence.csproj", "{2F6EA964-9B11-4C4D-9898-533DB5068C51}"
EndProject
Project("{9A19103F-16F7-4668-BE54-9A1E7A4F7556}") = "MultiShop.Order.WebAPI", "Services\Order\Presentation\MultiShop.Order.WebAPI\MultiShop.Order.WebAPI.csproj", "{5F15C97E-388A-48F1-BCF9-ABF2F71C5DDA}"
EndProject
Project("{2150E333-8FDC-42A3-9474-1A3956D46DE8}") = "Docker_Commands", "Docker_Commands", "{C486F895-FFD2-4295-B0D3-2F84B63AA72B}"
	ProjectSection(SolutionItems) = preProject
		Docker_Commands\docker_commands.txt = Docker_Commands\docker_commands.txt
	EndProjectSection
EndProject
Global
	GlobalSection(SolutionConfigurationPlatforms) = preSolution
		Debug|Any CPU = Debug|Any CPU
		Release|Any CPU = Release|Any CPU
	EndGlobalSection
	GlobalSection(ProjectConfigurationPlatforms) = postSolution
		{3D407DDC-37E8-4AF1-BE24-5F6E6FFFD158}.Debug|Any CPU.ActiveCfg = Debug|Any CPU
		{3D407DDC-37E8-4AF1-BE24-5F6E6FFFD158}.Debug|Any CPU.Build.0 = Debug|Any CPU
		{3D407DDC-37E8-4AF1-BE24-5F6E6FFFD158}.Release|Any CPU.ActiveCfg = Release|Any CPU
		{3D407DDC-37E8-4AF1-BE24-5F6E6FFFD158}.Release|Any CPU.Build.0 = Release|Any CPU
		{42761E64-7E35-4A13-A33A-90C63E702D94}.Debug|Any CPU.ActiveCfg = Debug|Any CPU
		{42761E64-7E35-4A13-A33A-90C63E702D94}.Debug|Any CPU.Build.0 = Debug|Any CPU
		{42761E64-7E35-4A13-A33A-90C63E702D94}.Release|Any CPU.ActiveCfg = Release|Any CPU
		{42761E64-7E35-4A13-A33A-90C63E702D94}.Release|Any CPU.Build.0 = Release|Any CPU
		{4915A637-3F71-490D-B5CD-3B000AB12B96}.Debug|Any CPU.ActiveCfg = Debug|Any CPU
		{4915A637-3F71-490D-B5CD-3B000AB12B96}.Debug|Any CPU.Build.0 = Debug|Any CPU
		{4915A637-3F71-490D-B5CD-3B000AB12B96}.Release|Any CPU.ActiveCfg = Release|Any CPU
		{4915A637-3F71-490D-B5CD-3B000AB12B96}.Release|Any CPU.Build.0 = Release|Any CPU
		{E7499D1F-1C17-44B2-8D12-AFF3C60DD036}.Debug|Any CPU.ActiveCfg = Debug|Any CPU
		{E7499D1F-1C17-44B2-8D12-AFF3C60DD036}.Debug|Any CPU.Build.0 = Debug|Any CPU
		{E7499D1F-1C17-44B2-8D12-AFF3C60DD036}.Release|Any CPU.ActiveCfg = Release|Any CPU
		{E7499D1F-1C17-44B2-8D12-AFF3C60DD036}.Release|Any CPU.Build.0 = Release|Any CPU
		{2F6EA964-9B11-4C4D-9898-533DB5068C51}.Debug|Any CPU.ActiveCfg = Debug|Any CPU
		{2F6EA964-9B11-4C4D-9898-533DB5068C51}.Debug|Any CPU.Build.0 = Debug|Any CPU
		{2F6EA964-9B11-4C4D-9898-533DB5068C51}.Release|Any CPU.ActiveCfg = Release|Any CPU
		{2F6EA964-9B11-4C4D-9898-533DB5068C51}.Release|Any CPU.Build.0 = Release|Any CPU
		{5F15C97E-388A-48F1-BCF9-ABF2F71C5DDA}.Debug|Any CPU.ActiveCfg = Debug|Any CPU
		{5F15C97E-388A-48F1-BCF9-ABF2F71C5DDA}.Debug|Any CPU.Build.0 = Debug|Any CPU
		{5F15C97E-388A-48F1-BCF9-ABF2F71C5DDA}.Release|Any CPU.ActiveCfg = Release|Any CPU
		{5F15C97E-388A-48F1-BCF9-ABF2F71C5DDA}.Release|Any CPU.Build.0 = Release|Any CPU
	EndGlobalSection
	GlobalSection(SolutionProperties) = preSolution
		HideSolutionNode = FALSE
	EndGlobalSection
	GlobalSection(NestedProjects) = preSolution
		{BC4D1431-D449-4D6C-ACEE-D81FBD2E1300} = {F357078E-998E-43F6-9C3A-C5D95C9750AB}
		{3D407DDC-37E8-4AF1-BE24-5F6E6FFFD158} = {BC4D1431-D449-4D6C-ACEE-D81FBD2E1300}
		{FB0189AB-C74B-4FB0-A857-FFC93378896C} = {F357078E-998E-43F6-9C3A-C5D95C9750AB}
		{42761E64-7E35-4A13-A33A-90C63E702D94} = {FB0189AB-C74B-4FB0-A857-FFC93378896C}
		{C05EA44F-A61E-4B12-A0E4-BBAB87389BFD} = {F357078E-998E-43F6-9C3A-C5D95C9750AB}
		{6B0E66A2-CAB9-47BF-B9A0-5CC95B4794BD} = {C05EA44F-A61E-4B12-A0E4-BBAB87389BFD}
		{555B6CBC-2A43-4DA5-8764-5500774C9D29} = {C05EA44F-A61E-4B12-A0E4-BBAB87389BFD}
		{DFE2CB01-2154-4617-AF14-0175DBFF6137} = {C05EA44F-A61E-4B12-A0E4-BBAB87389BFD}
		{4915A637-3F71-490D-B5CD-3B000AB12B96} = {6B0E66A2-CAB9-47BF-B9A0-5CC95B4794BD}
		{E7499D1F-1C17-44B2-8D12-AFF3C60DD036} = {6B0E66A2-CAB9-47BF-B9A0-5CC95B4794BD}
		{2F6EA964-9B11-4C4D-9898-533DB5068C51} = {555B6CBC-2A43-4DA5-8764-5500774C9D29}
		{5F15C97E-388A-48F1-BCF9-ABF2F71C5DDA} = {DFE2CB01-2154-4617-AF14-0175DBFF6137}
	EndGlobalSection
	GlobalSection(ExtensibilityGlobals) = postSolution
		SolutionGuid = {A1818AB1-DE31-40C1-BEFB-1DF430FA4B10}
	EndGlobalSection
EndGlobal
